
Microsoft Visual Studio Solution File, Format Version 12.00
# Visual Studio Version 17
VisualStudioVersion = 17.9.34714.143
MinimumVisualStudioVersion = 10.0.40219.1
Project("{FAE04EC0-301F-11D3-BF4B-00C04F79EFBC}") = "machine test", "machine test.csproj", "{5574C3C4-8A76-4853-9510-3D2329460AA1}"
EndProject
Global
	GlobalSection(SolutionConfigurationPlatforms) = preSolution
		Debug|Any CPU = Debug|Any CPU
		Release|Any CPU = Release|Any CPU
	EndGlobalSection
	GlobalSection(ProjectConfigurationPlatforms) = postSolution
		{5574C3C4-8A76-4853-9510-3D2329460AA1}.Debug|Any CPU.ActiveCfg = Debug|Any CPU
		{5574C3C4-8A76-4853-9510-3D2329460AA1}.Debug|Any CPU.Build.0 = Debug|Any CPU
		{5574C3C4-8A76-4853-9510-3D2329460AA1}.Release|Any CPU.ActiveCfg = Release|Any CPU
		{5574C3C4-8A76-4853-9510-3D2329460AA1}.Release|Any CPU.Build.0 = Release|Any CPU
	EndGlobalSection
	GlobalSection(SolutionProperties) = preSolution
		HideSolutionNode = FALSE
	EndGlobalSection
	GlobalSection(ExtensibilityGlobals) = postSolution
		SolutionGuid = {ED909E0D-9E78-459D-AD4C-A92BB805ADBA}
	EndGlobalSection
EndGlobal
